// !$*UTF8*$!
{
	archiveVersion = 1;
	classes = {
	};
	objectVersion = 46;
	objects = {

/* Begin PBXBuildFile section */
		F83C21E91A7D51FC00FC02E2 /* Globals.m in Sources */ = {isa = PBXBuildFile; fileRef = F83C21E81A7D51FC00FC02E2 /* Globals.m */; };
		F848A4A31A7D427000A07A75 /* main.m in Sources */ = {isa = PBXBuildFile; fileRef = F848A4A21A7D427000A07A75 /* main.m */; };
		F848A4A61A7D427000A07A75 /* AppDelegate.m in Sources */ = {isa = PBXBuildFile; fileRef = F848A4A51A7D427000A07A75 /* AppDelegate.m */; };
		F848A4A91A7D427000A07A75 /* ViewHome.m in Sources */ = {isa = PBXBuildFile; fileRef = F848A4A81A7D427000A07A75 /* ViewHome.m */; };
		F848A4AC1A7D427000A07A75 /* Main.storyboard in Resources */ = {isa = PBXBuildFile; fileRef = F848A4AA1A7D427000A07A75 /* Main.storyboard */; };
		F848A4AE1A7D427000A07A75 /* Images.xcassets in Resources */ = {isa = PBXBuildFile; fileRef = F848A4AD1A7D427000A07A75 /* Images.xcassets */; };
		F848A4B11A7D427000A07A75 /* LaunchScreen.xib in Resources */ = {isa = PBXBuildFile; fileRef = F848A4AF1A7D427000A07A75 /* LaunchScreen.xib */; };
		F848A4BD1A7D427000A07A75 /* PicaPicaTests.m in Sources */ = {isa = PBXBuildFile; fileRef = F848A4BC1A7D427000A07A75 /* PicaPicaTests.m */; };
		F848A4C81A7D47C500A07A75 /* ViewRanking.m in Sources */ = {isa = PBXBuildFile; fileRef = F848A4C71A7D47C500A07A75 /* ViewRanking.m */; };
		F848A4CA1A7D482000A07A75 /* timer.png in Resources */ = {isa = PBXBuildFile; fileRef = F848A4C91A7D482000A07A75 /* timer.png */; };
		F8A567E11A7F0F9700B14EB3 /* Jugador.m in Sources */ = {isa = PBXBuildFile; fileRef = F8A567E01A7F0F9700B14EB3 /* Jugador.m */; };
/* End PBXBuildFile section */

/* Begin PBXContainerItemProxy section */
		F848A4B71A7D427000A07A75 /* PBXContainerItemProxy */ = {
			isa = PBXContainerItemProxy;
			containerPortal = F848A4951A7D427000A07A75 /* Project object */;
			proxyType = 1;
			remoteGlobalIDString = F848A49C1A7D427000A07A75;
			remoteInfo = PicaPica;
		};
/* End PBXContainerItemProxy section */

/* Begin PBXFileReference section */
		F83C21E71A7D51FC00FC02E2 /* Globals.h */ = {isa = PBXFileReference; fileEncoding = 4; lastKnownFileType = sourcecode.c.h; name = Globals.h; path = ../Globals.h; sourceTree = "<group>"; };
		F83C21E81A7D51FC00FC02E2 /* Globals.m */ = {isa = PBXFileReference; fileEncoding = 4; lastKnownFileType = sourcecode.c.objc; name = Globals.m; path = ../Globals.m; sourceTree = "<group>"; };
		F848A49D1A7D427000A07A75 /* PicaPica.app */ = {isa = PBXFileReference; explicitFileType = wrapper.application; includeInIndex = 0; path = PicaPica.app; sourceTree = BUILT_PRODUCTS_DIR; };
		F848A4A11A7D427000A07A75 /* Info.plist */ = {isa = PBXFileReference; lastKnownFileType = text.plist.xml; path = Info.plist; sourceTree = "<group>"; };
		F848A4A21A7D427000A07A75 /* main.m */ = {isa = PBXFileReference; lastKnownFileType = sourcecode.c.objc; path = main.m; sourceTree = "<group>"; };
		F848A4A41A7D427000A07A75 /* AppDelegate.h */ = {isa = PBXFileReference; lastKnownFileType = sourcecode.c.h; path = AppDelegate.h; sourceTree = "<group>"; };
		F848A4A51A7D427000A07A75 /* AppDelegate.m */ = {isa = PBXFileReference; lastKnownFileType = sourcecode.c.objc; path = AppDelegate.m; sourceTree = "<group>"; };
		F848A4A71A7D427000A07A75 /* ViewHome.h */ = {isa = PBXFileReference; lastKnownFileType = sourcecode.c.h; path = ViewHome.h; sourceTree = "<group>"; };
		F848A4A81A7D427000A07A75 /* ViewHome.m */ = {isa = PBXFileReference; lastKnownFileType = sourcecode.c.objc; path = ViewHome.m; sourceTree = "<group>"; };
		F848A4AB1A7D427000A07A75 /* Base */ = {isa = PBXFileReference; lastKnownFileType = file.storyboard; name = Base; path = Base.lproj/Main.storyboard; sourceTree = "<group>"; };
		F848A4AD1A7D427000A07A75 /* Images.xcassets */ = {isa = PBXFileReference; lastKnownFileType = folder.assetcatalog; path = Images.xcassets; sourceTree = "<group>"; };
		F848A4B01A7D427000A07A75 /* Base */ = {isa = PBXFileReference; lastKnownFileType = file.xib; name = Base; path = Base.lproj/LaunchScreen.xib; sourceTree = "<group>"; };
		F848A4B61A7D427000A07A75 /* PicaPicaTests.xctest */ = {isa = PBXFileReference; explicitFileType = wrapper.cfbundle; includeInIndex = 0; path = PicaPicaTests.xctest; sourceTree = BUILT_PRODUCTS_DIR; };
		F848A4BB1A7D427000A07A75 /* Info.plist */ = {isa = PBXFileReference; lastKnownFileType = text.plist.xml; path = Info.plist; sourceTree = "<group>"; };
		F848A4BC1A7D427000A07A75 /* PicaPicaTests.m */ = {isa = PBXFileReference; lastKnownFileType = sourcecode.c.objc; path = PicaPicaTests.m; sourceTree = "<group>"; };
		F848A4C61A7D47C500A07A75 /* ViewRanking.h */ = {isa = PBXFileReference; fileEncoding = 4; lastKnownFileType = sourcecode.c.h; name = ViewRanking.h; path = ../ViewRanking.h; sourceTree = "<group>"; };
		F848A4C71A7D47C500A07A75 /* ViewRanking.m */ = {isa = PBXFileReference; fileEncoding = 4; lastKnownFileType = sourcecode.c.objc; name = ViewRanking.m; path = ../ViewRanking.m; sourceTree = "<group>"; };
		F848A4C91A7D482000A07A75 /* timer.png */ = {isa = PBXFileReference; lastKnownFileType = image.png; name = timer.png; path = ../timer.png; sourceTree = "<group>"; };
		F8A567DF1A7F0F9700B14EB3 /* Jugador.h */ = {isa = PBXFileReference; fileEncoding = 4; lastKnownFileType = sourcecode.c.h; name = Jugador.h; path = ../Jugador.h; sourceTree = "<group>"; };
		F8A567E01A7F0F9700B14EB3 /* Jugador.m */ = {isa = PBXFileReference; fileEncoding = 4; lastKnownFileType = sourcecode.c.objc; name = Jugador.m; path = ../Jugador.m; sourceTree = "<group>"; };
/* End PBXFileReference section */

/* Begin PBXFrameworksBuildPhase section */
		F848A49A1A7D427000A07A75 /* Frameworks */ = {
			isa = PBXFrameworksBuildPhase;
			buildActionMask = 2147483647;
			files = (
			);
			runOnlyForDeploymentPostprocessing = 0;
		};
		F848A4B31A7D427000A07A75 /* Frameworks */ = {
			isa = PBXFrameworksBuildPhase;
			buildActionMask = 2147483647;
			files = (
			);
			runOnlyForDeploymentPostprocessing = 0;
		};
/* End PBXFrameworksBuildPhase section */

/* Begin PBXGroup section */
		F848A4941A7D427000A07A75 = {
			isa = PBXGroup;
			children = (
				F848A49F1A7D427000A07A75 /* PicaPica */,
				F848A4B91A7D427000A07A75 /* PicaPicaTests */,
				F848A49E1A7D427000A07A75 /* Products */,
			);
			sourceTree = "<group>";
		};
		F848A49E1A7D427000A07A75 /* Products */ = {
			isa = PBXGroup;
			children = (
				F848A49D1A7D427000A07A75 /* PicaPica.app */,
				F848A4B61A7D427000A07A75 /* PicaPicaTests.xctest */,
			);
			name = Products;
			sourceTree = "<group>";
		};
		F848A49F1A7D427000A07A75 /* PicaPica */ = {
			isa = PBXGroup;
			children = (
				F8A567E31A7F302000B14EB3 /* Clases */,
				F8A567E21A7F0FA700B14EB3 /* Objetos */,
				F848A4CB1A7D482F00A07A75 /* Images */,
				F848A4A41A7D427000A07A75 /* AppDelegate.h */,
				F848A4A51A7D427000A07A75 /* AppDelegate.m */,
				F848A4A71A7D427000A07A75 /* ViewHome.h */,
				F848A4C61A7D47C500A07A75 /* ViewRanking.h */,
				F848A4C71A7D47C500A07A75 /* ViewRanking.m */,
				F848A4A81A7D427000A07A75 /* ViewHome.m */,
				F848A4AA1A7D427000A07A75 /* Main.storyboard */,
				F848A4AD1A7D427000A07A75 /* Images.xcassets */,
				F848A4AF1A7D427000A07A75 /* LaunchScreen.xib */,
				F848A4A01A7D427000A07A75 /* Supporting Files */,
			);
			path = PicaPica;
			sourceTree = "<group>";
		};
		F848A4A01A7D427000A07A75 /* Supporting Files */ = {
			isa = PBXGroup;
			children = (
				F848A4A11A7D427000A07A75 /* Info.plist */,
				F848A4A21A7D427000A07A75 /* main.m */,
			);
			name = "Supporting Files";
			sourceTree = "<group>";
		};
		F848A4B91A7D427000A07A75 /* PicaPicaTests */ = {
			isa = PBXGroup;
			children = (
				F848A4BC1A7D427000A07A75 /* PicaPicaTests.m */,
				F848A4BA1A7D427000A07A75 /* Supporting Files */,
			);
			path = PicaPicaTests;
			sourceTree = "<group>";
		};
		F848A4BA1A7D427000A07A75 /* Supporting Files */ = {
			isa = PBXGroup;
			children = (
				F848A4BB1A7D427000A07A75 /* Info.plist */,
			);
			name = "Supporting Files";
			sourceTree = "<group>";
		};
		F848A4CB1A7D482F00A07A75 /* Images */ = {
			isa = PBXGroup;
			children = (
				F848A4C91A7D482000A07A75 /* timer.png */,
			);
			name = Images;
			sourceTree = "<group>";
		};
		F8A567E21A7F0FA700B14EB3 /* Objetos */ = {
			isa = PBXGroup;
			children = (
				F8A567DF1A7F0F9700B14EB3 /* Jugador.h */,
				F8A567E01A7F0F9700B14EB3 /* Jugador.m */,
			);
			name = Objetos;
			sourceTree = "<group>";
		};
		F8A567E31A7F302000B14EB3 /* Clases */ = {
			isa = PBXGroup;
			children = (
				F83C21E71A7D51FC00FC02E2 /* Globals.h */,
				F83C21E81A7D51FC00FC02E2 /* Globals.m */,
			);
			name = Clases;
			sourceTree = "<group>";
		};
/* End PBXGroup section */

/* Begin PBXNativeTarget section */
		F848A49C1A7D427000A07A75 /* PicaPica */ = {
			isa = PBXNativeTarget;
			buildConfigurationList = F848A4C01A7D427000A07A75 /* Build configuration list for PBXNativeTarget "PicaPica" */;
			buildPhases = (
				F848A4991A7D427000A07A75 /* Sources */,
				F848A49A1A7D427000A07A75 /* Frameworks */,
				F848A49B1A7D427000A07A75 /* Resources */,
			);
			buildRules = (
			);
			dependencies = (
			);
			name = PicaPica;
			productName = PicaPica;
			productReference = F848A49D1A7D427000A07A75 /* PicaPica.app */;
			productType = "com.apple.product-type.application";
		};
		F848A4B51A7D427000A07A75 /* PicaPicaTests */ = {
			isa = PBXNativeTarget;
			buildConfigurationList = F848A4C31A7D427000A07A75 /* Build configuration list for PBXNativeTarget "PicaPicaTests" */;
			buildPhases = (
				F848A4B21A7D427000A07A75 /* Sources */,
				F848A4B31A7D427000A07A75 /* Frameworks */,
				F848A4B41A7D427000A07A75 /* Resources */,
			);
			buildRules = (
			);
			dependencies = (
				F848A4B81A7D427000A07A75 /* PBXTargetDependency */,
			);
			name = PicaPicaTests;
			productName = PicaPicaTests;
			productReference = F848A4B61A7D427000A07A75 /* PicaPicaTests.xctest */;
			productType = "com.apple.product-type.bundle.unit-test";
		};
/* End PBXNativeTarget section */

/* Begin PBXProject section */
		F848A4951A7D427000A07A75 /* Project object */ = {
			isa = PBXProject;
			attributes = {
				LastUpgradeCheck = 0610;
				ORGANIZATIONNAME = ConstruApps;
				TargetAttributes = {
					F848A49C1A7D427000A07A75 = {
						CreatedOnToolsVersion = 6.1.1;
						DevelopmentTeam = QXF33N93KH;
					};
					F848A4B51A7D427000A07A75 = {
						CreatedOnToolsVersion = 6.1.1;
						TestTargetID = F848A49C1A7D427000A07A75;
					};
				};
			};
			buildConfigurationList = F848A4981A7D427000A07A75 /* Build configuration list for PBXProject "PicaPica" */;
			compatibilityVersion = "Xcode 3.2";
			developmentRegion = English;
			hasScannedForEncodings = 0;
			knownRegions = (
				en,
				Base,
			);
			mainGroup = F848A4941A7D427000A07A75;
			productRefGroup = F848A49E1A7D427000A07A75 /* Products */;
			projectDirPath = "";
			projectRoot = "";
			targets = (
				F848A49C1A7D427000A07A75 /* PicaPica */,
				F848A4B51A7D427000A07A75 /* PicaPicaTests */,
			);
		};
/* End PBXProject section */

/* Begin PBXResourcesBuildPhase section */
		F848A49B1A7D427000A07A75 /* Resources */ = {
			isa = PBXResourcesBuildPhase;
			buildActionMask = 2147483647;
			files = (
				F848A4AC1A7D427000A07A75 /* Main.storyboard in Resources */,
				F848A4CA1A7D482000A07A75 /* timer.png in Resources */,
				F848A4B11A7D427000A07A75 /* LaunchScreen.xib in Resources */,
				F848A4AE1A7D427000A07A75 /* Images.xcassets in Resources */,
			);
			runOnlyForDeploymentPostprocessing = 0;
		};
		F848A4B41A7D427000A07A75 /* Resources */ = {
			isa = PBXResourcesBuildPhase;
			buildActionMask = 2147483647;
			files = (
			);
			runOnlyForDeploymentPostprocessing = 0;
		};
/* End PBXResourcesBuildPhase section */

/* Begin PBXSourcesBuildPhase section */
		F848A4991A7D427000A07A75 /* Sources */ = {
			isa = PBXSourcesBuildPhase;
			buildActionMask = 2147483647;
			files = (
				F848A4A91A7D427000A07A75 /* ViewHome.m in Sources */,
				F848A4C81A7D47C500A07A75 /* ViewRanking.m in Sources */,
				F848A4A61A7D427000A07A75 /* AppDelegate.m in Sources */,
				F83C21E91A7D51FC00FC02E2 /* Globals.m in Sources */,
				F8A567E11A7F0F9700B14EB3 /* Jugador.m in Sources */,
				F848A4A31A7D427000A07A75 /* main.m in Sources */,
			);
			runOnlyForDeploymentPostprocessing = 0;
		};
		F848A4B21A7D427000A07A75 /* Sources */ = {
			isa = PBXSourcesBuildPhase;
			buildActionMask = 2147483647;
			files = (
				F848A4BD1A7D427000A07A75 /* PicaPicaTests.m in Sources */,
			);
			runOnlyForDeploymentPostprocessing = 0;
		};
/* End PBXSourcesBuildPhase section */

/* Begin PBXTargetDependency section */
		F848A4B81A7D427000A07A75 /* PBXTargetDependency */ = {
			isa = PBXTargetDependency;
			target = F848A49C1A7D427000A07A75 /* PicaPica */;
			targetProxy = F848A4B71A7D427000A07A75 /* PBXContainerItemProxy */;
		};
/* End PBXTargetDependency section */

/* Begin PBXVariantGroup section */
		F848A4AA1A7D427000A07A75 /* Main.storyboard */ = {
			isa = PBXVariantGroup;
			children = (
				F848A4AB1A7D427000A07A75 /* Base */,
			);
			name = Main.storyboard;
			sourceTree = "<group>";
		};
		F848A4AF1A7D427000A07A75 /* LaunchScreen.xib */ = {
			isa = PBXVariantGroup;
			children = (
				F848A4B01A7D427000A07A75 /* Base */,
			);
			name = LaunchScreen.xib;
			sourceTree = "<group>";
		};
/* End PBXVariantGroup section */

/* Begin XCBuildConfiguration section */
		F848A4BE1A7D427000A07A75 /* Debug */ = {
			isa = XCBuildConfiguration;
			buildSettings = {
				ALWAYS_SEARCH_USER_PATHS = NO;
				CLANG_CXX_LANGUAGE_STANDARD = "gnu++0x";
				CLANG_CXX_LIBRARY = "libc++";
				CLANG_ENABLE_MODULES = YES;
				CLANG_ENABLE_OBJC_ARC = YES;
				CLANG_WARN_BOOL_CONVERSION = YES;
				CLANG_WARN_CONSTANT_CONVERSION = YES;
				CLANG_WARN_DIRECT_OBJC_ISA_USAGE = YES_ERROR;
				CLANG_WARN_EMPTY_BODY = YES;
				CLANG_WARN_ENUM_CONVERSION = YES;
				CLANG_WARN_INT_CONVERSION = YES;
				CLANG_WARN_OBJC_ROOT_CLASS = YES_ERROR;
				CLANG_WARN_UNREACHABLE_CODE = YES;
				CLANG_WARN__DUPLICATE_METHOD_MATCH = YES;
				"CODE_SIGN_IDENTITY[sdk=iphoneos*]" = "iPhone Developer";
				COPY_PHASE_STRIP = NO;
				ENABLE_STRICT_OBJC_MSGSEND = YES;
				GCC_C_LANGUAGE_STANDARD = gnu99;
				GCC_DYNAMIC_NO_PIC = NO;
				GCC_OPTIMIZATION_LEVEL = 0;
				GCC_PREPROCESSOR_DEFINITIONS = (
					"DEBUG=1",
					"$(inherited)",
				);
				GCC_SYMBOLS_PRIVATE_EXTERN = NO;
				GCC_WARN_64_TO_32_BIT_CONVERSION = YES;
				GCC_WARN_ABOUT_RETURN_TYPE = YES_ERROR;
				GCC_WARN_UNDECLARED_SELECTOR = YES;
				GCC_WARN_UNINITIALIZED_AUTOS = YES_AGGRESSIVE;
				GCC_WARN_UNUSED_FUNCTION = YES;
				GCC_WARN_UNUSED_VARIABLE = YES;
				IPHONEOS_DEPLOYMENT_TARGET = 8.1;
				MTL_ENABLE_DEBUG_INFO = YES;
				ONLY_ACTIVE_ARCH = YES;
				SDKROOT = iphoneos;
			};
			name = Debug;
		};
		F848A4BF1A7D427000A07A75 /* Release */ = {
			isa = XCBuildConfiguration;
			buildSettings = {
				ALWAYS_SEARCH_USER_PATHS = NO;
				CLANG_CXX_LANGUAGE_STANDARD = "gnu++0x";
				CLANG_CXX_LIBRARY = "libc++";
				CLANG_ENABLE_MODULES = YES;
				CLANG_ENABLE_OBJC_ARC = YES;
				CLANG_WARN_BOOL_CONVERSION = YES;
				CLANG_WARN_CONSTANT_CONVERSION = YES;
				CLANG_WARN_DIRECT_OBJC_ISA_USAGE = YES_ERROR;
				CLANG_WARN_EMPTY_BODY = YES;
				CLANG_WARN_ENUM_CONVERSION = YES;
				CLANG_WARN_INT_CONVERSION = YES;
				CLANG_WARN_OBJC_ROOT_CLASS = YES_ERROR;
				CLANG_WARN_UNREACHABLE_CODE = YES;
				CLANG_WARN__DUPLICATE_METHOD_MATCH = YES;
				"CODE_SIGN_IDENTITY[sdk=iphoneos*]" = "iPhone Developer";
				COPY_PHASE_STRIP = YES;
				ENABLE_NS_ASSERTIONS = NO;
				ENABLE_STRICT_OBJC_MSGSEND = YES;
				GCC_C_LANGUAGE_STANDARD = gnu99;
				GCC_WARN_64_TO_32_BIT_CONVERSION = YES;
				GCC_WARN_ABOUT_RETURN_TYPE = YES_ERROR;
				GCC_WARN_UNDECLARED_SELECTOR = YES;
				GCC_WARN_UNINITIALIZED_AUTOS = YES_AGGRESSIVE;
				GCC_WARN_UNUSED_FUNCTION = YES;
				GCC_WARN_UNUSED_VARIABLE = YES;
				IPHONEOS_DEPLOYMENT_TARGET = 8.1;
				MTL_ENABLE_DEBUG_INFO = NO;
				SDKROOT = iphoneos;
				VALIDATE_PRODUCT = YES;
			};
			name = Release;
		};
		F848A4C11A7D427000A07A75 /* Debug */ = {
			isa = XCBuildConfiguration;
			buildSettings = {
				ASSETCATALOG_COMPILER_APPICON_NAME = AppIcon;
				INFOPLIST_FILE = PicaPica/Info.plist;
				IPHONEOS_DEPLOYMENT_TARGET = 7.0;
				LD_RUNPATH_SEARCH_PATHS = "$(inherited) @executable_path/Frameworks";
				PRODUCT_NAME = "$(TARGET_NAME)";
			};
			name = Debug;
		};
		F848A4C21A7D427000A07A75 /* Release */ = {
			isa = XCBuildConfiguration;
			buildSettings = {
				ASSETCATALOG_COMPILER_APPICON_NAME = AppIcon;
				INFOPLIST_FILE = PicaPica/Info.plist;
				IPHONEOS_DEPLOYMENT_TARGET = 7.0;
				LD_RUNPATH_SEARCH_PATHS = "$(inherited) @executable_path/Frameworks";
				PRODUCT_NAME = "$(TARGET_NAME)";
			};
			name = Release;
		};
		F848A4C41A7D427000A07A75 /* Debug */ = {
			isa = XCBuildConfiguration;
			buildSettings = {
				BUNDLE_LOADER = "$(TEST_HOST)";
				FRAMEWORK_SEARCH_PATHS = (
					"$(SDKROOT)/Developer/Library/Frameworks",
					"$(inherited)",
				);
				GCC_PREPROCESSOR_DEFINITIONS = (
					"DEBUG=1",
					"$(inherited)",
				);
				INFOPLIST_FILE = PicaPicaTests/Info.plist;
				LD_RUNPATH_SEARCH_PATHS = "$(inherited) @executable_path/Frameworks @loader_path/Frameworks";
				PRODUCT_NAME = "$(TARGET_NAME)";
				TEST_HOST = "$(BUILT_PRODUCTS_DIR)/PicaPica.app/PicaPica";
			};
			name = Debug;
		};
		F848A4C51A7D427000A07A75 /* Release */ = {
			isa = XCBuildConfiguration;
			buildSettings = {
				BUNDLE_LOADER = "$(TEST_HOST)";
				FRAMEWORK_SEARCH_PATHS = (
					"$(SDKROOT)/Developer/Library/Frameworks",
					"$(inherited)",
				);
				INFOPLIST_FILE = PicaPicaTests/Info.plist;
				LD_RUNPATH_SEARCH_PATHS = "$(inherited) @executable_path/Frameworks @loader_path/Frameworks";
				PRODUCT_NAME = "$(TARGET_NAME)";
				TEST_HOST = "$(BUILT_PRODUCTS_DIR)/PicaPica.app/PicaPica";
			};
			name = Release;
		};
/* End XCBuildConfiguration section */

/* Begin XCConfigurationList section */
		F848A4981A7D427000A07A75 /* Build configuration list for PBXProject "PicaPica" */ = {
			isa = XCConfigurationList;
			buildConfigurations = (
				F848A4BE1A7D427000A07A75 /* Debug */,
				F848A4BF1A7D427000A07A75 /* Release */,
			);
			defaultConfigurationIsVisible = 0;
			defaultConfigurationName = Release;
		};
		F848A4C01A7D427000A07A75 /* Build configuration list for PBXNativeTarget "PicaPica" */ = {
			isa = XCConfigurationList;
			buildConfigurations = (
				F848A4C11A7D427000A07A75 /* Debug */,
				F848A4C21A7D427000A07A75 /* Release */,
			);
			defaultConfigurationIsVisible = 0;
			defaultConfigurationName = Release;
		};
		F848A4C31A7D427000A07A75 /* Build configuration list for PBXNativeTarget "PicaPicaTests" */ = {
			isa = XCConfigurationList;
			buildConfigurations = (
				F848A4C41A7D427000A07A75 /* Debug */,
				F848A4C51A7D427000A07A75 /* Release */,
			);
			defaultConfigurationIsVisible = 0;
			defaultConfigurationName = Release;
		};
/* End XCConfigurationList section */
	};
	rootObject = F848A4951A7D427000A07A75 /* Project object */;
}
